
Microsoft Visual Studio Solution File, Format Version 12.00
# Visual Studio Version 17
VisualStudioVersion = 17.3.32929.385
MinimumVisualStudioVersion = 10.0.40219.1
Project("{FAE04EC0-301F-11D3-BF4B-00C04F79EFBC}") = "PresentationLayer", "PresentationLayer\PresentationLayer.csproj", "{4A89FD31-0448-4668-9C07-B93560E5A386}"
EndProject
Project("{FAE04EC0-301F-11D3-BF4B-00C04F79EFBC}") = "BusinessLayer", "BusinessLayer\BusinessLayer.csproj", "{8D13D9F6-27B9-4EDC-95A7-C4E770AE3A4A}"
EndProject
Project("{FAE04EC0-301F-11D3-BF4B-00C04F79EFBC}") = "DataLayer", "DataLayer\DataLayer.csproj", "{650DCB55-3777-4504-8AF3-77E17C5FC1FB}"
EndProject
Project("{FAE04EC0-301F-11D3-BF4B-00C04F79EFBC}") = "TransferObject", "TransferObject\TransferObject.csproj", "{727916F8-F250-40A2-A948-FE178C68A1F2}"
EndProject
Global
	GlobalSection(SolutionConfigurationPlatforms) = preSolution
		Debug|Any CPU = Debug|Any CPU
		Release|Any CPU = Release|Any CPU
	EndGlobalSection
	GlobalSection(ProjectConfigurationPlatforms) = postSolution
		{4A89FD31-0448-4668-9C07-B93560E5A386}.Debug|Any CPU.ActiveCfg = Debug|Any CPU
		{4A89FD31-0448-4668-9C07-B93560E5A386}.Debug|Any CPU.Build.0 = Debug|Any CPU
		{4A89FD31-0448-4668-9C07-B93560E5A386}.Release|Any CPU.ActiveCfg = Release|Any CPU
		{4A89FD31-0448-4668-9C07-B93560E5A386}.Release|Any CPU.Build.0 = Release|Any CPU
		{8D13D9F6-27B9-4EDC-95A7-C4E770AE3A4A}.Debug|Any CPU.ActiveCfg = Debug|Any CPU
		{8D13D9F6-27B9-4EDC-95A7-C4E770AE3A4A}.Debug|Any CPU.Build.0 = Debug|Any CPU
		{8D13D9F6-27B9-4EDC-95A7-C4E770AE3A4A}.Release|Any CPU.ActiveCfg = Release|Any CPU
		{8D13D9F6-27B9-4EDC-95A7-C4E770AE3A4A}.Release|Any CPU.Build.0 = Release|Any CPU
		{650DCB55-3777-4504-8AF3-77E17C5FC1FB}.Debug|Any CPU.ActiveCfg = Debug|Any CPU
		{650DCB55-3777-4504-8AF3-77E17C5FC1FB}.Debug|Any CPU.Build.0 = Debug|Any CPU
		{650DCB55-3777-4504-8AF3-77E17C5FC1FB}.Release|Any CPU.ActiveCfg = Release|Any CPU
		{650DCB55-3777-4504-8AF3-77E17C5FC1FB}.Release|Any CPU.Build.0 = Release|Any CPU
		{727916F8-F250-40A2-A948-FE178C68A1F2}.Debug|Any CPU.ActiveCfg = Debug|Any CPU
		{727916F8-F250-40A2-A948-FE178C68A1F2}.Debug|Any CPU.Build.0 = Debug|Any CPU
		{727916F8-F250-40A2-A948-FE178C68A1F2}.Release|Any CPU.ActiveCfg = Release|Any CPU
		{727916F8-F250-40A2-A948-FE178C68A1F2}.Release|Any CPU.Build.0 = Release|Any CPU
	EndGlobalSection
	GlobalSection(SolutionProperties) = preSolution
		HideSolutionNode = FALSE
	EndGlobalSection
	GlobalSection(ExtensibilityGlobals) = postSolution
		SolutionGuid = {F217C040-EF2E-4B6A-B343-34C234E97A1D}
	EndGlobalSection
EndGlobal
